// !$*UTF8*$!
{
	archiveVersion = 1;
	classes = {
	};
	objectVersion = 56;
	objects = {

/* Begin PBXBuildFile section */
		AEC32F682B585DAB005598FB /* AppDelegate.swift in Sources */ = {isa = PBXBuildFile; fileRef = AEC32F672B585DAB005598FB /* AppDelegate.swift */; };
		AEC32F6A2B585DAB005598FB /* SceneDelegate.swift in Sources */ = {isa = PBXBuildFile; fileRef = AEC32F692B585DAB005598FB /* SceneDelegate.swift */; };
		AEC32F6C2B585DAB005598FB /* ViewController.swift in Sources */ = {isa = PBXBuildFile; fileRef = AEC32F6B2B585DAB005598FB /* ViewController.swift */; };
		AEC32F6F2B585DAB005598FB /* Main.storyboard in Resources */ = {isa = PBXBuildFile; fileRef = AEC32F6D2B585DAB005598FB /* Main.storyboard */; };
		AEC32F712B585DAC005598FB /* Assets.xcassets in Resources */ = {isa = PBXBuildFile; fileRef = AEC32F702B585DAC005598FB /* Assets.xcassets */; };
		AEC32F742B585DAC005598FB /* LaunchScreen.storyboard in Resources */ = {isa = PBXBuildFile; fileRef = AEC32F722B585DAC005598FB /* LaunchScreen.storyboard */; };
		AEC32F7C2B586313005598FB /* Contact.swift in Sources */ = {isa = PBXBuildFile; fileRef = AEC32F7B2B586313005598FB /* Contact.swift */; };
		AEC32F892B58804B005598FB /* ContactCell.swift in Sources */ = {isa = PBXBuildFile; fileRef = AEC32F872B58804B005598FB /* ContactCell.swift */; };
		AEC32F8A2B58804B005598FB /* ContactCell.xib in Resources */ = {isa = PBXBuildFile; fileRef = AEC32F882B58804B005598FB /* ContactCell.xib */; };
		AED972E22B58863A0015A822 /* AddEditViewController.swift in Sources */ = {isa = PBXBuildFile; fileRef = AED972E12B58863A0015A822 /* AddEditViewController.swift */; };
/* End PBXBuildFile section */

/* Begin PBXFileReference section */
		AEC32F642B585DAB005598FB /* Jan17.app */ = {isa = PBXFileReference; explicitFileType = wrapper.application; includeInIndex = 0; path = Jan17.app; sourceTree = BUILT_PRODUCTS_DIR; };
		AEC32F672B585DAB005598FB /* AppDelegate.swift */ = {isa = PBXFileReference; lastKnownFileType = sourcecode.swift; path = AppDelegate.swift; sourceTree = "<group>"; };
		AEC32F692B585DAB005598FB /* SceneDelegate.swift */ = {isa = PBXFileReference; lastKnownFileType = sourcecode.swift; path = SceneDelegate.swift; sourceTree = "<group>"; };
		AEC32F6B2B585DAB005598FB /* ViewController.swift */ = {isa = PBXFileReference; lastKnownFileType = sourcecode.swift; path = ViewController.swift; sourceTree = "<group>"; };
		AEC32F6E2B585DAB005598FB /* Base */ = {isa = PBXFileReference; lastKnownFileType = file.storyboard; name = Base; path = Base.lproj/Main.storyboard; sourceTree = "<group>"; };
		AEC32F702B585DAC005598FB /* Assets.xcassets */ = {isa = PBXFileReference; lastKnownFileType = folder.assetcatalog; path = Assets.xcassets; sourceTree = "<group>"; };
		AEC32F732B585DAC005598FB /* Base */ = {isa = PBXFileReference; lastKnownFileType = file.storyboard; name = Base; path = Base.lproj/LaunchScreen.storyboard; sourceTree = "<group>"; };
		AEC32F752B585DAC005598FB /* Info.plist */ = {isa = PBXFileReference; lastKnownFileType = text.plist.xml; path = Info.plist; sourceTree = "<group>"; };
		AEC32F7B2B586313005598FB /* Contact.swift */ = {isa = PBXFileReference; lastKnownFileType = sourcecode.swift; path = Contact.swift; sourceTree = "<group>"; };
		AEC32F872B58804B005598FB /* ContactCell.swift */ = {isa = PBXFileReference; lastKnownFileType = sourcecode.swift; path = ContactCell.swift; sourceTree = "<group>"; };
		AEC32F882B58804B005598FB /* ContactCell.xib */ = {isa = PBXFileReference; lastKnownFileType = file.xib; path = ContactCell.xib; sourceTree = "<group>"; };
		AED972E12B58863A0015A822 /* AddEditViewController.swift */ = {isa = PBXFileReference; lastKnownFileType = sourcecode.swift; path = AddEditViewController.swift; sourceTree = "<group>"; };
/* End PBXFileReference section */

/* Begin PBXFrameworksBuildPhase section */
		AEC32F612B585DAB005598FB /* Frameworks */ = {
			isa = PBXFrameworksBuildPhase;
			buildActionMask = 2147483647;
			files = (
			);
			runOnlyForDeploymentPostprocessing = 0;
		};
/* End PBXFrameworksBuildPhase section */

/* Begin PBXGroup section */
		AEC32F5B2B585DAB005598FB = {
			isa = PBXGroup;
			children = (
				AEC32F662B585DAB005598FB /* Jan17 */,
				AEC32F652B585DAB005598FB /* Products */,
			);
			sourceTree = "<group>";
		};
		AEC32F652B585DAB005598FB /* Products */ = {
			isa = PBXGroup;
			children = (
				AEC32F642B585DAB005598FB /* Jan17.app */,
			);
			name = Products;
			sourceTree = "<group>";
		};
		AEC32F662B585DAB005598FB /* Jan17 */ = {
			isa = PBXGroup;
			children = (
				AEC32F672B585DAB005598FB /* AppDelegate.swift */,
				AEC32F692B585DAB005598FB /* SceneDelegate.swift */,
				AEC32F6B2B585DAB005598FB /* ViewController.swift */,
				AED972E12B58863A0015A822 /* AddEditViewController.swift */,
				AEC32F7B2B586313005598FB /* Contact.swift */,
				AEC32F6D2B585DAB005598FB /* Main.storyboard */,
				AEC32F702B585DAC005598FB /* Assets.xcassets */,
				AEC32F722B585DAC005598FB /* LaunchScreen.storyboard */,
				AEC32F872B58804B005598FB /* ContactCell.swift */,
				AEC32F882B58804B005598FB /* ContactCell.xib */,
				AEC32F752B585DAC005598FB /* Info.plist */,
			);
			path = Jan17;
			sourceTree = "<group>";
		};
/* End PBXGroup section */

/* Begin PBXNativeTarget section */
		AEC32F632B585DAB005598FB /* Jan17 */ = {
			isa = PBXNativeTarget;
			buildConfigurationList = AEC32F782B585DAC005598FB /* Build configuration list for PBXNativeTarget "Jan17" */;
			buildPhases = (
				AEC32F602B585DAB005598FB /* Sources */,
				AEC32F612B585DAB005598FB /* Frameworks */,
				AEC32F622B585DAB005598FB /* Resources */,
			);
			buildRules = (
			);
			dependencies = (
			);
			name = Jan17;
			productName = Jan17;
			productReference = AEC32F642B585DAB005598FB /* Jan17.app */;
			productType = "com.apple.product-type.application";
		};
/* End PBXNativeTarget section */

/* Begin PBXProject section */
		AEC32F5C2B585DAB005598FB /* Project object */ = {
			isa = PBXProject;
			attributes = {
				BuildIndependentTargetsInParallel = 1;
				LastSwiftUpdateCheck = 1520;
				LastUpgradeCheck = 1520;
				TargetAttributes = {
					AEC32F632B585DAB005598FB = {
						CreatedOnToolsVersion = 15.2;
					};
				};
			};
			buildConfigurationList = AEC32F5F2B585DAB005598FB /* Build configuration list for PBXProject "Jan17" */;
			compatibilityVersion = "Xcode 14.0";
			developmentRegion = en;
			hasScannedForEncodings = 0;
			knownRegions = (
				en,
				Base,
			);
			mainGroup = AEC32F5B2B585DAB005598FB;
			productRefGroup = AEC32F652B585DAB005598FB /* Products */;
			projectDirPath = "";
			projectRoot = "";
			targets = (
				AEC32F632B585DAB005598FB /* Jan17 */,
			);
		};
/* End PBXProject section */

/* Begin PBXResourcesBuildPhase section */
		AEC32F622B585DAB005598FB /* Resources */ = {
			isa = PBXResourcesBuildPhase;
			buildActionMask = 2147483647;
			files = (
				AEC32F8A2B58804B005598FB /* ContactCell.xib in Resources */,
				AEC32F742B585DAC005598FB /* LaunchScreen.storyboard in Resources */,
				AEC32F712B585DAC005598FB /* Assets.xcassets in Resources */,
				AEC32F6F2B585DAB005598FB /* Main.storyboard in Resources */,
			);
			runOnlyForDeploymentPostprocessing = 0;
		};
/* End PBXResourcesBuildPhase section */

/* Begin PBXSourcesBuildPhase section */
		AEC32F602B585DAB005598FB /* Sources */ = {
			isa = PBXSourcesBuildPhase;
			buildActionMask = 2147483647;
			files = (
				AEC32F892B58804B005598FB /* ContactCell.swift in Sources */,
				AED972E22B58863A0015A822 /* AddEditViewController.swift in Sources */,
				AEC32F7C2B586313005598FB /* Contact.swift in Sources */,
				AEC32F6C2B585DAB005598FB /* ViewController.swift in Sources */,
				AEC32F682B585DAB005598FB /* AppDelegate.swift in Sources */,
				AEC32F6A2B585DAB005598FB /* SceneDelegate.swift in Sources */,
			);
			runOnlyForDeploymentPostprocessing = 0;
		};
/* End PBXSourcesBuildPhase section */

/* Begin PBXVariantGroup section */
		AEC32F6D2B585DAB005598FB /* Main.storyboard */ = {
			isa = PBXVariantGroup;
			children = (
				AEC32F6E2B585DAB005598FB /* Base */,
			);
			name = Main.storyboard;
			sourceTree = "<group>";
		};
		AEC32F722B585DAC005598FB /* LaunchScreen.storyboard */ = {
			isa = PBXVariantGroup;
			children = (
				AEC32F732B585DAC005598FB /* Base */,
			);
			name = LaunchScreen.storyboard;
			sourceTree = "<group>";
		};
/* End PBXVariantGroup section */

/* Begin XCBuildConfiguration section */
		AEC32F762B585DAC005598FB /* Debug */ = {
			isa = XCBuildConfiguration;
			buildSettings = {
				ALWAYS_SEARCH_USER_PATHS = NO;
				ASSETCATALOG_COMPILER_GENERATE_SWIFT_ASSET_SYMBOL_EXTENSIONS = YES;
				CLANG_ANALYZER_NONNULL = YES;
				CLANG_ANALYZER_NUMBER_OBJECT_CONVERSION = YES_AGGRESSIVE;
				CLANG_CXX_LANGUAGE_STANDARD = "gnu++20";
				CLANG_ENABLE_MODULES = YES;
				CLANG_ENABLE_OBJC_ARC = YES;
				CLANG_ENABLE_OBJC_WEAK = YES;
				CLANG_WARN_BLOCK_CAPTURE_AUTORELEASING = YES;
				CLANG_WARN_BOOL_CONVERSION = YES;
				CLANG_WARN_COMMA = YES;
				CLANG_WARN_CONSTANT_CONVERSION = YES;
				CLANG_WARN_DEPRECATED_OBJC_IMPLEMENTATIONS = YES;
				CLANG_WARN_DIRECT_OBJC_ISA_USAGE = YES_ERROR;
				CLANG_WARN_DOCUMENTATION_COMMENTS = YES;
				CLANG_WARN_EMPTY_BODY = YES;
				CLANG_WARN_ENUM_CONVERSION = YES;
				CLANG_WARN_INFINITE_RECURSION = YES;
				CLANG_WARN_INT_CONVERSION = YES;
				CLANG_WARN_NON_LITERAL_NULL_CONVERSION = YES;
				CLANG_WARN_OBJC_IMPLICIT_RETAIN_SELF = YES;
				CLANG_WARN_OBJC_LITERAL_CONVERSION = YES;
				CLANG_WARN_OBJC_ROOT_CLASS = YES_ERROR;
				CLANG_WARN_QUOTED_INCLUDE_IN_FRAMEWORK_HEADER = YES;
				CLANG_WARN_RANGE_LOOP_ANALYSIS = YES;
				CLANG_WARN_STRICT_PROTOTYPES = YES;
				CLANG_WARN_SUSPICIOUS_MOVE = YES;
				CLANG_WARN_UNGUARDED_AVAILABILITY = YES_AGGRESSIVE;
				CLANG_WARN_UNREACHABLE_CODE = YES;
				CLANG_WARN__DUPLICATE_METHOD_MATCH = YES;
				COPY_PHASE_STRIP = NO;
				DEBUG_INFORMATION_FORMAT = dwarf;
				ENABLE_STRICT_OBJC_MSGSEND = YES;
				ENABLE_TESTABILITY = YES;
				ENABLE_USER_SCRIPT_SANDBOXING = YES;
				GCC_C_LANGUAGE_STANDARD = gnu17;
				GCC_DYNAMIC_NO_PIC = NO;
				GCC_NO_COMMON_BLOCKS = YES;
				GCC_OPTIMIZATION_LEVEL = 0;
				GCC_PREPROCESSOR_DEFINITIONS = (
					"DEBUG=1",
					"$(inherited)",
				);
				GCC_WARN_64_TO_32_BIT_CONVERSION = YES;
				GCC_WARN_ABOUT_RETURN_TYPE = YES_ERROR;
				GCC_WARN_UNDECLARED_SELECTOR = YES;
				GCC_WARN_UNINITIALIZED_AUTOS = YES_AGGRESSIVE;
				GCC_WARN_UNUSED_FUNCTION = YES;
				GCC_WARN_UNUSED_VARIABLE = YES;
				IPHONEOS_DEPLOYMENT_TARGET = 17.2;
				LOCALIZATION_PREFERS_STRING_CATALOGS = YES;
				MTL_ENABLE_DEBUG_INFO = INCLUDE_SOURCE;
				MTL_FAST_MATH = YES;
				ONLY_ACTIVE_ARCH = YES;
				SDKROOT = iphoneos;
				SWIFT_ACTIVE_COMPILATION_CONDITIONS = "DEBUG $(inherited)";
				SWIFT_OPTIMIZATION_LEVEL = "-Onone";
			};
			name = Debug;
		};
		AEC32F772B585DAC005598FB /* Release */ = {
			isa = XCBuildConfiguration;
			buildSettings = {
				ALWAYS_SEARCH_USER_PATHS = NO;
				ASSETCATALOG_COMPILER_GENERATE_SWIFT_ASSET_SYMBOL_EXTENSIONS = YES;
				CLANG_ANALYZER_NONNULL = YES;
				CLANG_ANALYZER_NUMBER_OBJECT_CONVERSION = YES_AGGRESSIVE;
				CLANG_CXX_LANGUAGE_STANDARD = "gnu++20";
				CLANG_ENABLE_MODULES = YES;
				CLANG_ENABLE_OBJC_ARC = YES;
				CLANG_ENABLE_OBJC_WEAK = YES;
				CLANG_WARN_BLOCK_CAPTURE_AUTORELEASING = YES;
				CLANG_WARN_BOOL_CONVERSION = YES;
				CLANG_WARN_COMMA = YES;
				CLANG_WARN_CONSTANT_CONVERSION = YES;
				CLANG_WARN_DEPRECATED_OBJC_IMPLEMENTATIONS = YES;
				CLANG_WARN_DIRECT_OBJC_ISA_USAGE = YES_ERROR;
				CLANG_WARN_DOCUMENTATION_COMMENTS = YES;
				CLANG_WARN_EMPTY_BODY = YES;
				CLANG_WARN_ENUM_CONVERSION = YES;
				CLANG_WARN_INFINITE_RECURSION = YES;
				CLANG_WARN_INT_CONVERSION = YES;
				CLANG_WARN_NON_LITERAL_NULL_CONVERSION = YES;
				CLANG_WARN_OBJC_IMPLICIT_RETAIN_SELF = YES;
				CLANG_WARN_OBJC_LITERAL_CONVERSION = YES;
				CLANG_WARN_OBJC_ROOT_CLASS = YES_ERROR;
				CLANG_WARN_QUOTED_INCLUDE_IN_FRAMEWORK_HEADER = YES;
				CLANG_WARN_RANGE_LOOP_ANALYSIS = YES;
				CLANG_WARN_STRICT_PROTOTYPES = YES;
				CLANG_WARN_SUSPICIOUS_MOVE = YES;
				CLANG_WARN_UNGUARDED_AVAILABILITY = YES_AGGRESSIVE;
				CLANG_WARN_UNREACHABLE_CODE = YES;
				CLANG_WARN__DUPLICATE_METHOD_MATCH = YES;
				COPY_PHASE_STRIP = NO;
				DEBUG_INFORMATION_FORMAT = "dwarf-with-dsym";
				ENABLE_NS_ASSERTIONS = NO;
				ENABLE_STRICT_OBJC_MSGSEND = YES;
				ENABLE_USER_SCRIPT_SANDBOXING = YES;
				GCC_C_LANGUAGE_STANDARD = gnu17;
				GCC_NO_COMMON_BLOCKS = YES;
				GCC_WARN_64_TO_32_BIT_CONVERSION = YES;
				GCC_WARN_ABOUT_RETURN_TYPE = YES_ERROR;
				GCC_WARN_UNDECLARED_SELECTOR = YES;
				GCC_WARN_UNINITIALIZED_AUTOS = YES_AGGRESSIVE;
				GCC_WARN_UNUSED_FUNCTION = YES;
				GCC_WARN_UNUSED_VARIABLE = YES;
				IPHONEOS_DEPLOYMENT_TARGET = 17.2;
				LOCALIZATION_PREFERS_STRING_CATALOGS = YES;
				MTL_ENABLE_DEBUG_INFO = NO;
				MTL_FAST_MATH = YES;
				SDKROOT = iphoneos;
				SWIFT_COMPILATION_MODE = wholemodule;
				VALIDATE_PRODUCT = YES;
			};
			name = Release;
		};
		AEC32F792B585DAC005598FB /* Debug */ = {
			isa = XCBuildConfiguration;
			buildSettings = {
				ASSETCATALOG_COMPILER_APPICON_NAME = AppIcon;
				ASSETCATALOG_COMPILER_GLOBAL_ACCENT_COLOR_NAME = AccentColor;
				CODE_SIGN_STYLE = Automatic;
				CURRENT_PROJECT_VERSION = 1;
				DEVELOPMENT_TEAM = XWAT7T2QCR;
				GENERATE_INFOPLIST_FILE = YES;
				INFOPLIST_FILE = Jan17/Info.plist;
				INFOPLIST_KEY_UIApplicationSupportsIndirectInputEvents = YES;
				INFOPLIST_KEY_UILaunchStoryboardName = LaunchScreen;
				INFOPLIST_KEY_UIMainStoryboardFile = Main;
				INFOPLIST_KEY_UISupportedInterfaceOrientations_iPad = "UIInterfaceOrientationPortrait UIInterfaceOrientationPortraitUpsideDown UIInterfaceOrientationLandscapeLeft UIInterfaceOrientationLandscapeRight";
				INFOPLIST_KEY_UISupportedInterfaceOrientations_iPhone = "UIInterfaceOrientationPortrait UIInterfaceOrientationLandscapeLeft UIInterfaceOrientationLandscapeRight";
				IPHONEOS_DEPLOYMENT_TARGET = 16.6;
				LD_RUNPATH_SEARCH_PATHS = (
					"$(inherited)",
					"@executable_path/Frameworks",
				);
				MARKETING_VERSION = 1.0;
				PRODUCT_BUNDLE_IDENTIFIER = com.erikblanco.Jan17;
				PRODUCT_NAME = "$(TARGET_NAME)";
				SWIFT_EMIT_LOC_STRINGS = YES;
				SWIFT_VERSION = 5.0;
				TARGETED_DEVICE_FAMILY = "1,2";
			};
			name = Debug;
		};
		AEC32F7A2B585DAC005598FB /* Release */ = {
			isa = XCBuildConfiguration;
			buildSettings = {
				ASSETCATALOG_COMPILER_APPICON_NAME = AppIcon;
				ASSETCATALOG_COMPILER_GLOBAL_ACCENT_COLOR_NAME = AccentColor;
				CODE_SIGN_STYLE = Automatic;
				CURRENT_PROJECT_VERSION = 1;
				DEVELOPMENT_TEAM = XWAT7T2QCR;
				GENERATE_INFOPLIST_FILE = YES;
				INFOPLIST_FILE = Jan17/Info.plist;
				INFOPLIST_KEY_UIApplicationSupportsIndirectInputEvents = YES;
				INFOPLIST_KEY_UILaunchStoryboardName = LaunchScreen;
				INFOPLIST_KEY_UIMainStoryboardFile = Main;
				INFOPLIST_KEY_UISupportedInterfaceOrientations_iPad = "UIInterfaceOrientationPortrait UIInterfaceOrientationPortraitUpsideDown UIInterfaceOrientationLandscapeLeft UIInterfaceOrientationLandscapeRight";
				INFOPLIST_KEY_UISupportedInterfaceOrientations_iPhone = "UIInterfaceOrientationPortrait UIInterfaceOrientationLandscapeLeft UIInterfaceOrientationLandscapeRight";
				IPHONEOS_DEPLOYMENT_TARGET = 16.6;
				LD_RUNPATH_SEARCH_PATHS = (
					"$(inherited)",
					"@executable_path/Frameworks",
				);
				MARKETING_VERSION = 1.0;
				PRODUCT_BUNDLE_IDENTIFIER = com.erikblanco.Jan17;
				PRODUCT_NAME = "$(TARGET_NAME)";
				SWIFT_EMIT_LOC_STRINGS = YES;
				SWIFT_VERSION = 5.0;
				TARGETED_DEVICE_FAMILY = "1,2";
			};
			name = Release;
		};
/* End XCBuildConfiguration section */

/* Begin XCConfigurationList section */
		AEC32F5F2B585DAB005598FB /* Build configuration list for PBXProject "Jan17" */ = {
			isa = XCConfigurationList;
			buildConfigurations = (
				AEC32F762B585DAC005598FB /* Debug */,
				AEC32F772B585DAC005598FB /* Release */,
			);
			defaultConfigurationIsVisible = 0;
			defaultConfigurationName = Release;
		};
		AEC32F782B585DAC005598FB /* Build configuration list for PBXNativeTarget "Jan17" */ = {
			isa = XCConfigurationList;
			buildConfigurations = (
				AEC32F792B585DAC005598FB /* Debug */,
				AEC32F7A2B585DAC005598FB /* Release */,
			);
			defaultConfigurationIsVisible = 0;
			defaultConfigurationName = Release;
		};
/* End XCConfigurationList section */
	};
	rootObject = AEC32F5C2B585DAB005598FB /* Project object */;
}
